
Microsoft Visual Studio Solution File, Format Version 12.00
# Visual Studio Version 16
VisualStudioVersion = 16.0.31005.135
MinimumVisualStudioVersion = 10.0.40219.1
Project("{9A19103F-16F7-4668-BE54-9A1E7A4F7556}") = "Q", "Q.csproj", "{ACA2CD29-3ACF-45A2-9CC7-3C34EB2B7B31}"
EndProject
Project("{9A19103F-16F7-4668-BE54-9A1E7A4F7556}") = "QLibrary", "..\QLibrary\QLibrary.csproj", "{39E7171C-FEDF-4503-AFAC-B8A63747BFD0}"
EndProject
Project("{9A19103F-16F7-4668-BE54-9A1E7A4F7556}") = "QIPlugin", "..\QIPlugin\QIPlugin.csproj", "{CA18E148-7535-4BBB-AC53-ABEAE2ABAD2A}"
EndProject
Project("{9A19103F-16F7-4668-BE54-9A1E7A4F7556}") = "QTestUCPlugin", "..\QTestUCPlugin\QTestUCPlugin.csproj", "{4270D7AD-1715-4D34-9E00-AE957A866DE0}"
EndProject
Project("{FAE04EC0-301F-11D3-BF4B-00C04F79EFBC}") = "QCore", "..\QCore\QCore.csproj", "{FE47340E-85E7-4ECD-AB0B-8A28D5CC6E83}"
EndProject
Project("{FAE04EC0-301F-11D3-BF4B-00C04F79EFBC}") = "QMappingServices", "..\QMappingServices\QMappingServices.csproj", "{987B1994-E6CF-42E0-AE00-693F722FBDCE}"
EndProject
Global
	GlobalSection(SolutionConfigurationPlatforms) = preSolution
		Debug|Any CPU = Debug|Any CPU
		Release|Any CPU = Release|Any CPU
	EndGlobalSection
	GlobalSection(ProjectConfigurationPlatforms) = postSolution
		{ACA2CD29-3ACF-45A2-9CC7-3C34EB2B7B31}.Debug|Any CPU.ActiveCfg = Debug|Any CPU
		{ACA2CD29-3ACF-45A2-9CC7-3C34EB2B7B31}.Debug|Any CPU.Build.0 = Debug|Any CPU
		{ACA2CD29-3ACF-45A2-9CC7-3C34EB2B7B31}.Release|Any CPU.ActiveCfg = Release|Any CPU
		{ACA2CD29-3ACF-45A2-9CC7-3C34EB2B7B31}.Release|Any CPU.Build.0 = Release|Any CPU
		{39E7171C-FEDF-4503-AFAC-B8A63747BFD0}.Debug|Any CPU.ActiveCfg = Debug|Any CPU
		{39E7171C-FEDF-4503-AFAC-B8A63747BFD0}.Debug|Any CPU.Build.0 = Debug|Any CPU
		{39E7171C-FEDF-4503-AFAC-B8A63747BFD0}.Release|Any CPU.ActiveCfg = Release|Any CPU
		{39E7171C-FEDF-4503-AFAC-B8A63747BFD0}.Release|Any CPU.Build.0 = Release|Any CPU
		{CA18E148-7535-4BBB-AC53-ABEAE2ABAD2A}.Debug|Any CPU.ActiveCfg = Debug|Any CPU
		{CA18E148-7535-4BBB-AC53-ABEAE2ABAD2A}.Debug|Any CPU.Build.0 = Debug|Any CPU
		{CA18E148-7535-4BBB-AC53-ABEAE2ABAD2A}.Release|Any CPU.ActiveCfg = Release|Any CPU
		{CA18E148-7535-4BBB-AC53-ABEAE2ABAD2A}.Release|Any CPU.Build.0 = Release|Any CPU
		{4270D7AD-1715-4D34-9E00-AE957A866DE0}.Debug|Any CPU.ActiveCfg = Debug|Any CPU
		{4270D7AD-1715-4D34-9E00-AE957A866DE0}.Debug|Any CPU.Build.0 = Debug|Any CPU
		{4270D7AD-1715-4D34-9E00-AE957A866DE0}.Release|Any CPU.ActiveCfg = Release|Any CPU
		{4270D7AD-1715-4D34-9E00-AE957A866DE0}.Release|Any CPU.Build.0 = Release|Any CPU
		{FE47340E-85E7-4ECD-AB0B-8A28D5CC6E83}.Debug|Any CPU.ActiveCfg = Debug|Any CPU
		{FE47340E-85E7-4ECD-AB0B-8A28D5CC6E83}.Debug|Any CPU.Build.0 = Debug|Any CPU
		{FE47340E-85E7-4ECD-AB0B-8A28D5CC6E83}.Release|Any CPU.ActiveCfg = Release|Any CPU
		{FE47340E-85E7-4ECD-AB0B-8A28D5CC6E83}.Release|Any CPU.Build.0 = Release|Any CPU
		{987B1994-E6CF-42E0-AE00-693F722FBDCE}.Debug|Any CPU.ActiveCfg = Debug|Any CPU
		{987B1994-E6CF-42E0-AE00-693F722FBDCE}.Debug|Any CPU.Build.0 = Debug|Any CPU
		{987B1994-E6CF-42E0-AE00-693F722FBDCE}.Release|Any CPU.ActiveCfg = Release|Any CPU
		{987B1994-E6CF-42E0-AE00-693F722FBDCE}.Release|Any CPU.Build.0 = Release|Any CPU
	EndGlobalSection
	GlobalSection(SolutionProperties) = preSolution
		HideSolutionNode = FALSE
	EndGlobalSection
	GlobalSection(ExtensibilityGlobals) = postSolution
		SolutionGuid = {9BEA9646-90F2-4B96-8E5C-631D24E7EE19}
	EndGlobalSection
EndGlobal
